
Microsoft Visual Studio Solution File, Format Version 12.00
# Visual Studio Version 17
VisualStudioVersion = 17.11.35303.130
MinimumVisualStudioVersion = 10.0.40219.1
Project("{FAE04EC0-301F-11D3-BF4B-00C04F79EFBC}") = "AppQuanLyKhachSan", "AppQuanLyKhachSan\AppQuanLyKhachSan.csproj", "{4467B68B-14A4-4215-946E-7476E67FEE6A}"
EndProject
Global
	GlobalSection(SolutionConfigurationPlatforms) = preSolution
		Debug|Any CPU = Debug|Any CPU
		Release|Any CPU = Release|Any CPU
	EndGlobalSection
	GlobalSection(ProjectConfigurationPlatforms) = postSolution
		{4467B68B-14A4-4215-946E-7476E67FEE6A}.Debug|Any CPU.ActiveCfg = Debug|Any CPU
		{4467B68B-14A4-4215-946E-7476E67FEE6A}.Debug|Any CPU.Build.0 = Debug|Any CPU
		{4467B68B-14A4-4215-946E-7476E67FEE6A}.Release|Any CPU.ActiveCfg = Release|Any CPU
		{4467B68B-14A4-4215-946E-7476E67FEE6A}.Release|Any CPU.Build.0 = Release|Any CPU
	EndGlobalSection
	GlobalSection(SolutionProperties) = preSolution
		HideSolutionNode = FALSE
	EndGlobalSection
	GlobalSection(ExtensibilityGlobals) = postSolution
		SolutionGuid = {4D614E7C-E0EC-4212-BEA3-B0F6F270AC97}
	EndGlobalSection
EndGlobal
